schema: '2.0'
stages:
  Download Catalog:
    cmd: python -m zipf_law.scripts.download_catalog
    deps:
    - path: .\zipf_law\scripts\download_catalog.py
      hash: md5
      md5: eb3c02a3f17e10b819db6447a7b35bc1
      size: 843
    - path: config.ini
      hash: md5
      md5: 4890940607a2ad82ea3f4e02704372dc
      size: 104
    outs:
    - path: .\data\raw\catalog.tar.bz2
      hash: md5
      md5: 00c0b4add19c74391df92a02ece4beef
      size: 124392557
  Process Catalog:
    cmd: python -m zipf_law.scripts.process_catalog
    deps:
    - path: .\data\raw\catalog.tar.bz2
      hash: md5
      md5: 00c0b4add19c74391df92a02ece4beef
      size: 124392557
    - path: .\zipf_law\scripts\process_catalog.py
      hash: md5
      md5: 5b14f0d119022f4c7d43d86e6a879d33
      size: 6986
    - path: config.ini
      hash: md5
      md5: 4890940607a2ad82ea3f4e02704372dc
      size: 104
    outs:
    - path: .\data\processed\catalog.csv
      hash: md5
      md5: 82ecddb04d72a72ce9dcc59dfc8534ed
      size: 16301312
